
Microsoft Visual Studio Solution File, Format Version 11.00
# Visual Studio 2010
Project("{FAE04EC0-301F-11D3-BF4B-00C04F79EFBC}") = "IQMedia.Service.FeedsReportGenerate", "IQMedia.Service.FeedsReportGenerate\IQMedia.Service.FeedsReportGenerate.csproj", "{481FB2B4-66AE-468C-8AF1-C26AC288AEDA}"
EndProject
Project("{FAE04EC0-301F-11D3-BF4B-00C04F79EFBC}") = "IQMedia.Service.Logic", "IQMedia.Service.Logic\IQMedia.Service.Logic.csproj", "{4BD97065-5195-437A-BFD5-A8BFD8A6C58B}"
EndProject
Project("{FAE04EC0-301F-11D3-BF4B-00C04F79EFBC}") = "IQMedia.Service.Domain", "IQMedia.Service.Domain\IQMedia.Service.Domain.csproj", "{11984348-6BDD-413D-AE61-F53BF7FCA3A4}"
EndProject
Project("{FAE04EC0-301F-11D3-BF4B-00C04F79EFBC}") = "IQMedia.Service.Common", "IQMedia.Service.Common\IQMedia.Service.Common.csproj", "{48C38C0C-2DFC-4954-997B-7EAA92122D73}"
EndProject
Project("{FAE04EC0-301F-11D3-BF4B-00C04F79EFBC}") = "PMGSearch", "..\..\PMGSearch\PMGSearch\PMGSearch.csproj", "{669A2777-33C6-4458-99D7-49A7466FE662}"
EndProject
Project("{FAE04EC0-301F-11D3-BF4B-00C04F79EFBC}") = "IQMedia.Service.ArchiveMetaDataUpdate", "IQMedia.Service.ArchiveMetaDataUpdate\IQMedia.Service.ArchiveMetaDataUpdate.csproj", "{1F68B5B1-7D5E-4431-A3F8-B12A4300B58C}"
EndProject
Project("{FAE04EC0-301F-11D3-BF4B-00C04F79EFBC}") = "IQMedia.ServiceClient", "IQMedia.ServiceClient\IQMedia.ServiceClient.csproj", "{03898D67-21D3-4C05-B577-6857FA56C30E}"
EndProject
Project("{54435603-DBB4-11D2-8724-00A0C9A8B90C}") = "IQMedia.Service.ArchiveMetaDataUpdateSetup", "IQMedia.Service.ArchiveMetaDataUpdateSetup\IQMedia.Service.ArchiveMetaDataUpdateSetup.vdproj", "{989E1822-7371-46F3-A8C2-6FCC59D73A80}"
EndProject
Project("{54435603-DBB4-11D2-8724-00A0C9A8B90C}") = "IQMedia.Service.FeedsReportGenerateSetup", "IQMedia.Service.FeedsReportGenerateSetup\IQMedia.Service.FeedsReportGenerateSetup.vdproj", "{A146A6F1-8C69-4877-BFBA-1B5C1D4E64A8}"
EndProject
Project("{FAE04EC0-301F-11D3-BF4B-00C04F79EFBC}") = "IQMedia.Service.DiscoveryReportGenerate", "IQMedia.Service.DiscoveryReportGenerate\IQMedia.Service.DiscoveryReportGenerate.csproj", "{ED2599A3-A7E4-487A-86F0-066307DE6BAE}"
EndProject
Project("{FAE04EC0-301F-11D3-BF4B-00C04F79EFBC}") = "Sentiment", "..\..\Sentiment\Sentiment.csproj", "{2171FFA6-BDEC-4882-94F9-50FEE34F9ED9}"
EndProject
Project("{54435603-DBB4-11D2-8724-00A0C9A8B90C}") = "IQMedia.Service.DiscoveryReportGenerateSetup", "IQMedia.Service.DiscoveryReportGenerateSetup\IQMedia.Service.DiscoveryReportGenerateSetup.vdproj", "{C350E548-19BD-48D8-A60C-4B90EE35E9B1}"
EndProject
Project("{FAE04EC0-301F-11D3-BF4B-00C04F79EFBC}") = "IQMedia.Service.DiscoveryArchiveMetaDataUpdate", "IQMedia.Service.DiscoveryArchiveMetaDataUpdate\IQMedia.Service.DiscoveryArchiveMetaDataUpdate.csproj", "{133560A7-0C58-44F0-8AE2-58A2D98C16CC}"
EndProject
Project("{54435603-DBB4-11D2-8724-00A0C9A8B90C}") = "IQMedia.Service.DiscoveryArchiveMDUpdateSetup", "IQMedia.Service.DiscoveryArchiveMDUpdateSetup\IQMedia.Service.DiscoveryArchiveMDUpdateSetup.vdproj", "{DB5BB87D-DC0F-4DFB-A2E4-09F394D25F18}"
EndProject
Project("{FAE04EC0-301F-11D3-BF4B-00C04F79EFBC}") = "IQMedia.Service.DiscoveryExport", "IQMedia.Service.DiscoveryExport\IQMedia.Service.DiscoveryExport.csproj", "{B7936500-0101-478F-A652-CB5427AA71A5}"
EndProject
Project("{54435603-DBB4-11D2-8724-00A0C9A8B90C}") = "IQMedia.Service.DiscoveryExportSetup", "IQMedia.Service.DiscoveryExportSetup\IQMedia.Service.DiscoveryExportSetup.vdproj", "{192D42C1-527A-4F24-977D-C8AC509D82FE}"
EndProject
Project("{FAE04EC0-301F-11D3-BF4B-00C04F79EFBC}") = "IQMedia.Service.FeedsExport", "IQMedia.Service.FeedsExport\IQMedia.Service.FeedsExport.csproj", "{C2A8BC36-5E4E-4808-9A7F-DB9D69E3A0CB}"
EndProject
Project("{FAE04EC0-301F-11D3-BF4B-00C04F79EFBC}") = "FeedsSearch", "..\..\FeedsSearch\FeedsSearch.csproj", "{CB4A97E5-1C6F-4BF0-AEA4-B8D143CBD503}"
EndProject
Project("{FAE04EC0-301F-11D3-BF4B-00C04F79EFBC}") = "IQMedia.Service.ReportPDFExport", "IQMedia.Service.ReportPDFExport\IQMedia.Service.ReportPDFExport.csproj", "{091A86C1-C610-47BF-BCED-4C545E3FD4A5}"
EndProject
Project("{54435603-DBB4-11D2-8724-00A0C9A8B90C}") = "IQMedia.Service.RptPDFExportSetup", "IQMedia.Service.RptPDFExportSetup\IQMedia.Service.RptPDFExportSetup.vdproj", "{59FFD8D2-CBD4-4DA0-BA0D-EE82F5B20A40}"
EndProject
Project("{FAE04EC0-301F-11D3-BF4B-00C04F79EFBC}") = "Prominence", "..\Prominence\Prominence.csproj", "{3E93345A-ABF9-422D-B9E4-CCD8A1F5A7D5}"
EndProject
Project("{FAE04EC0-301F-11D3-BF4B-00C04F79EFBC}") = "IQCommon", "..\..\..\IQCommon\IQCommon\IQCommon.csproj", "{6C491916-50C9-4E52-A355-596FDE89816B}"
EndProject
Project("{54435603-DBB4-11D2-8724-00A0C9A8B90C}") = "IQMedia.Service.FeedsExportSetup", "IQMedia.Service.FeedsExportSetup\IQMedia.Service.FeedsExportSetup.vdproj", "{2157FB79-C74B-4417-AEED-453FD774257D}"
EndProject
Global
	GlobalSection(SolutionConfigurationPlatforms) = preSolution
		Debug|Any CPU = Debug|Any CPU
		Debug|Mixed Platforms = Debug|Mixed Platforms
		Debug|x86 = Debug|x86
		Release|Any CPU = Release|Any CPU
		Release|Mixed Platforms = Release|Mixed Platforms
		Release|x86 = Release|x86
	EndGlobalSection
	GlobalSection(ProjectConfigurationPlatforms) = postSolution
		{481FB2B4-66AE-468C-8AF1-C26AC288AEDA}.Debug|Any CPU.ActiveCfg = Debug|x86
		{481FB2B4-66AE-468C-8AF1-C26AC288AEDA}.Debug|Mixed Platforms.ActiveCfg = Debug|x86
		{481FB2B4-66AE-468C-8AF1-C26AC288AEDA}.Debug|Mixed Platforms.Build.0 = Debug|x86
		{481FB2B4-66AE-468C-8AF1-C26AC288AEDA}.Debug|x86.ActiveCfg = Debug|Any CPU
		{481FB2B4-66AE-468C-8AF1-C26AC288AEDA}.Debug|x86.Build.0 = Debug|Any CPU
		{481FB2B4-66AE-468C-8AF1-C26AC288AEDA}.Release|Any CPU.ActiveCfg = Release|x86
		{481FB2B4-66AE-468C-8AF1-C26AC288AEDA}.Release|Mixed Platforms.ActiveCfg = Release|Any CPU
		{481FB2B4-66AE-468C-8AF1-C26AC288AEDA}.Release|Mixed Platforms.Build.0 = Release|Any CPU
		{481FB2B4-66AE-468C-8AF1-C26AC288AEDA}.Release|x86.ActiveCfg = Release|x86
		{481FB2B4-66AE-468C-8AF1-C26AC288AEDA}.Release|x86.Build.0 = Release|x86
		{4BD97065-5195-437A-BFD5-A8BFD8A6C58B}.Debug|Any CPU.ActiveCfg = Debug|Any CPU
		{4BD97065-5195-437A-BFD5-A8BFD8A6C58B}.Debug|Any CPU.Build.0 = Debug|Any CPU
		{4BD97065-5195-437A-BFD5-A8BFD8A6C58B}.Debug|Mixed Platforms.ActiveCfg = Debug|Any CPU
		{4BD97065-5195-437A-BFD5-A8BFD8A6C58B}.Debug|Mixed Platforms.Build.0 = Debug|Any CPU
		{4BD97065-5195-437A-BFD5-A8BFD8A6C58B}.Debug|x86.ActiveCfg = Debug|Any CPU
		{4BD97065-5195-437A-BFD5-A8BFD8A6C58B}.Debug|x86.Build.0 = Debug|Any CPU
		{4BD97065-5195-437A-BFD5-A8BFD8A6C58B}.Release|Any CPU.ActiveCfg = Release|Any CPU
		{4BD97065-5195-437A-BFD5-A8BFD8A6C58B}.Release|Any CPU.Build.0 = Release|Any CPU
		{4BD97065-5195-437A-BFD5-A8BFD8A6C58B}.Release|Mixed Platforms.ActiveCfg = Release|Any CPU
		{4BD97065-5195-437A-BFD5-A8BFD8A6C58B}.Release|Mixed Platforms.Build.0 = Release|Any CPU
		{4BD97065-5195-437A-BFD5-A8BFD8A6C58B}.Release|x86.ActiveCfg = Release|Any CPU
		{11984348-6BDD-413D-AE61-F53BF7FCA3A4}.Debug|Any CPU.ActiveCfg = Debug|Any CPU
		{11984348-6BDD-413D-AE61-F53BF7FCA3A4}.Debug|Any CPU.Build.0 = Debug|Any CPU
		{11984348-6BDD-413D-AE61-F53BF7FCA3A4}.Debug|Mixed Platforms.ActiveCfg = Debug|Any CPU
		{11984348-6BDD-413D-AE61-F53BF7FCA3A4}.Debug|Mixed Platforms.Build.0 = Debug|Any CPU
		{11984348-6BDD-413D-AE61-F53BF7FCA3A4}.Debug|x86.ActiveCfg = Debug|Any CPU
		{11984348-6BDD-413D-AE61-F53BF7FCA3A4}.Debug|x86.Build.0 = Debug|Any CPU
		{11984348-6BDD-413D-AE61-F53BF7FCA3A4}.Release|Any CPU.ActiveCfg = Release|Any CPU
		{11984348-6BDD-413D-AE61-F53BF7FCA3A4}.Release|Any CPU.Build.0 = Release|Any CPU
		{11984348-6BDD-413D-AE61-F53BF7FCA3A4}.Release|Mixed Platforms.ActiveCfg = Release|Any CPU
		{11984348-6BDD-413D-AE61-F53BF7FCA3A4}.Release|Mixed Platforms.Build.0 = Release|Any CPU
		{11984348-6BDD-413D-AE61-F53BF7FCA3A4}.Release|x86.ActiveCfg = Release|Any CPU
		{48C38C0C-2DFC-4954-997B-7EAA92122D73}.Debug|Any CPU.ActiveCfg = Debug|Any CPU
		{48C38C0C-2DFC-4954-997B-7EAA92122D73}.Debug|Any CPU.Build.0 = Debug|Any CPU
		{48C38C0C-2DFC-4954-997B-7EAA92122D73}.Debug|Mixed Platforms.ActiveCfg = Debug|Any CPU
		{48C38C0C-2DFC-4954-997B-7EAA92122D73}.Debug|Mixed Platforms.Build.0 = Debug|Any CPU
		{48C38C0C-2DFC-4954-997B-7EAA92122D73}.Debug|x86.ActiveCfg = Debug|Any CPU
		{48C38C0C-2DFC-4954-997B-7EAA92122D73}.Debug|x86.Build.0 = Debug|Any CPU
		{48C38C0C-2DFC-4954-997B-7EAA92122D73}.Release|Any CPU.ActiveCfg = Release|Any CPU
		{48C38C0C-2DFC-4954-997B-7EAA92122D73}.Release|Any CPU.Build.0 = Release|Any CPU
		{48C38C0C-2DFC-4954-997B-7EAA92122D73}.Release|Mixed Platforms.ActiveCfg = Release|Any CPU
		{48C38C0C-2DFC-4954-997B-7EAA92122D73}.Release|Mixed Platforms.Build.0 = Release|Any CPU
		{48C38C0C-2DFC-4954-997B-7EAA92122D73}.Release|x86.ActiveCfg = Release|Any CPU
		{669A2777-33C6-4458-99D7-49A7466FE662}.Debug|Any CPU.ActiveCfg = Debug|Any CPU
		{669A2777-33C6-4458-99D7-49A7466FE662}.Debug|Any CPU.Build.0 = Debug|Any CPU
		{669A2777-33C6-4458-99D7-49A7466FE662}.Debug|Mixed Platforms.ActiveCfg = Debug|Any CPU
		{669A2777-33C6-4458-99D7-49A7466FE662}.Debug|Mixed Platforms.Build.0 = Debug|Any CPU
		{669A2777-33C6-4458-99D7-49A7466FE662}.Debug|x86.ActiveCfg = Debug|Any CPU
		{669A2777-33C6-4458-99D7-49A7466FE662}.Release|Any CPU.ActiveCfg = Release|Any CPU
		{669A2777-33C6-4458-99D7-49A7466FE662}.Release|Any CPU.Build.0 = Release|Any CPU
		{669A2777-33C6-4458-99D7-49A7466FE662}.Release|Mixed Platforms.ActiveCfg = Release|Any CPU
		{669A2777-33C6-4458-99D7-49A7466FE662}.Release|Mixed Platforms.Build.0 = Release|Any CPU
		{669A2777-33C6-4458-99D7-49A7466FE662}.Release|x86.ActiveCfg = Release|Any CPU
		{1F68B5B1-7D5E-4431-A3F8-B12A4300B58C}.Debug|Any CPU.ActiveCfg = Debug|x86
		{1F68B5B1-7D5E-4431-A3F8-B12A4300B58C}.Debug|Mixed Platforms.ActiveCfg = Debug|x86
		{1F68B5B1-7D5E-4431-A3F8-B12A4300B58C}.Debug|Mixed Platforms.Build.0 = Debug|x86
		{1F68B5B1-7D5E-4431-A3F8-B12A4300B58C}.Debug|x86.ActiveCfg = Debug|x86
		{1F68B5B1-7D5E-4431-A3F8-B12A4300B58C}.Debug|x86.Build.0 = Debug|x86
		{1F68B5B1-7D5E-4431-A3F8-B12A4300B58C}.Release|Any CPU.ActiveCfg = Release|x86
		{1F68B5B1-7D5E-4431-A3F8-B12A4300B58C}.Release|Mixed Platforms.ActiveCfg = Release|x86
		{1F68B5B1-7D5E-4431-A3F8-B12A4300B58C}.Release|Mixed Platforms.Build.0 = Release|x86
		{1F68B5B1-7D5E-4431-A3F8-B12A4300B58C}.Release|x86.ActiveCfg = Release|x86
		{1F68B5B1-7D5E-4431-A3F8-B12A4300B58C}.Release|x86.Build.0 = Release|x86
		{03898D67-21D3-4C05-B577-6857FA56C30E}.Debug|Any CPU.ActiveCfg = Debug|Any CPU
		{03898D67-21D3-4C05-B577-6857FA56C30E}.Debug|Any CPU.Build.0 = Debug|Any CPU
		{03898D67-21D3-4C05-B577-6857FA56C30E}.Debug|Mixed Platforms.ActiveCfg = Debug|Any CPU
		{03898D67-21D3-4C05-B577-6857FA56C30E}.Debug|Mixed Platforms.Build.0 = Debug|Any CPU
		{03898D67-21D3-4C05-B577-6857FA56C30E}.Debug|x86.ActiveCfg = Debug|Any CPU
		{03898D67-21D3-4C05-B577-6857FA56C30E}.Release|Any CPU.ActiveCfg = Release|Any CPU
		{03898D67-21D3-4C05-B577-6857FA56C30E}.Release|Any CPU.Build.0 = Release|Any CPU
		{03898D67-21D3-4C05-B577-6857FA56C30E}.Release|Mixed Platforms.ActiveCfg = Release|Any CPU
		{03898D67-21D3-4C05-B577-6857FA56C30E}.Release|Mixed Platforms.Build.0 = Release|Any CPU
		{03898D67-21D3-4C05-B577-6857FA56C30E}.Release|x86.ActiveCfg = Release|Any CPU
		{989E1822-7371-46F3-A8C2-6FCC59D73A80}.Debug|Any CPU.ActiveCfg = Debug
		{989E1822-7371-46F3-A8C2-6FCC59D73A80}.Debug|Any CPU.Build.0 = Debug
		{989E1822-7371-46F3-A8C2-6FCC59D73A80}.Debug|Mixed Platforms.ActiveCfg = Debug
		{989E1822-7371-46F3-A8C2-6FCC59D73A80}.Debug|x86.ActiveCfg = Debug
		{989E1822-7371-46F3-A8C2-6FCC59D73A80}.Release|Any CPU.ActiveCfg = Release
		{989E1822-7371-46F3-A8C2-6FCC59D73A80}.Release|Any CPU.Build.0 = Release
		{989E1822-7371-46F3-A8C2-6FCC59D73A80}.Release|Mixed Platforms.ActiveCfg = Release
		{989E1822-7371-46F3-A8C2-6FCC59D73A80}.Release|x86.ActiveCfg = Release
		{989E1822-7371-46F3-A8C2-6FCC59D73A80}.Release|x86.Build.0 = Release
		{A146A6F1-8C69-4877-BFBA-1B5C1D4E64A8}.Debug|Any CPU.ActiveCfg = Debug
		{A146A6F1-8C69-4877-BFBA-1B5C1D4E64A8}.Debug|Any CPU.Build.0 = Debug
		{A146A6F1-8C69-4877-BFBA-1B5C1D4E64A8}.Debug|Mixed Platforms.ActiveCfg = Debug
		{A146A6F1-8C69-4877-BFBA-1B5C1D4E64A8}.Debug|x86.ActiveCfg = Debug
		{A146A6F1-8C69-4877-BFBA-1B5C1D4E64A8}.Release|Any CPU.ActiveCfg = Release
		{A146A6F1-8C69-4877-BFBA-1B5C1D4E64A8}.Release|Any CPU.Build.0 = Release
		{A146A6F1-8C69-4877-BFBA-1B5C1D4E64A8}.Release|Mixed Platforms.ActiveCfg = Release
		{A146A6F1-8C69-4877-BFBA-1B5C1D4E64A8}.Release|x86.ActiveCfg = Release
		{A146A6F1-8C69-4877-BFBA-1B5C1D4E64A8}.Release|x86.Build.0 = Release
		{ED2599A3-A7E4-487A-86F0-066307DE6BAE}.Debug|Any CPU.ActiveCfg = Debug|x86
		{ED2599A3-A7E4-487A-86F0-066307DE6BAE}.Debug|Mixed Platforms.ActiveCfg = Debug|x86
		{ED2599A3-A7E4-487A-86F0-066307DE6BAE}.Debug|Mixed Platforms.Build.0 = Debug|x86
		{ED2599A3-A7E4-487A-86F0-066307DE6BAE}.Debug|x86.ActiveCfg = Debug|x86
		{ED2599A3-A7E4-487A-86F0-066307DE6BAE}.Debug|x86.Build.0 = Debug|x86
		{ED2599A3-A7E4-487A-86F0-066307DE6BAE}.Release|Any CPU.ActiveCfg = Release|x86
		{ED2599A3-A7E4-487A-86F0-066307DE6BAE}.Release|Mixed Platforms.ActiveCfg = Release|x86
		{ED2599A3-A7E4-487A-86F0-066307DE6BAE}.Release|Mixed Platforms.Build.0 = Release|x86
		{ED2599A3-A7E4-487A-86F0-066307DE6BAE}.Release|x86.ActiveCfg = Release|x86
		{ED2599A3-A7E4-487A-86F0-066307DE6BAE}.Release|x86.Build.0 = Release|x86
		{2171FFA6-BDEC-4882-94F9-50FEE34F9ED9}.Debug|Any CPU.ActiveCfg = Debug|Any CPU
		{2171FFA6-BDEC-4882-94F9-50FEE34F9ED9}.Debug|Any CPU.Build.0 = Debug|Any CPU
		{2171FFA6-BDEC-4882-94F9-50FEE34F9ED9}.Debug|Mixed Platforms.ActiveCfg = Debug|Any CPU
		{2171FFA6-BDEC-4882-94F9-50FEE34F9ED9}.Debug|Mixed Platforms.Build.0 = Debug|Any CPU
		{2171FFA6-BDEC-4882-94F9-50FEE34F9ED9}.Debug|x86.ActiveCfg = Debug|Any CPU
		{2171FFA6-BDEC-4882-94F9-50FEE34F9ED9}.Release|Any CPU.ActiveCfg = Release|Any CPU
		{2171FFA6-BDEC-4882-94F9-50FEE34F9ED9}.Release|Any CPU.Build.0 = Release|Any CPU
		{2171FFA6-BDEC-4882-94F9-50FEE34F9ED9}.Release|Mixed Platforms.ActiveCfg = Release|Any CPU
		{2171FFA6-BDEC-4882-94F9-50FEE34F9ED9}.Release|Mixed Platforms.Build.0 = Release|Any CPU
		{2171FFA6-BDEC-4882-94F9-50FEE34F9ED9}.Release|x86.ActiveCfg = Release|Any CPU
		{C350E548-19BD-48D8-A60C-4B90EE35E9B1}.Debug|Any CPU.ActiveCfg = Debug
		{C350E548-19BD-48D8-A60C-4B90EE35E9B1}.Debug|Mixed Platforms.ActiveCfg = Debug
		{C350E548-19BD-48D8-A60C-4B90EE35E9B1}.Debug|x86.ActiveCfg = Debug
		{C350E548-19BD-48D8-A60C-4B90EE35E9B1}.Release|Any CPU.ActiveCfg = Release
		{C350E548-19BD-48D8-A60C-4B90EE35E9B1}.Release|Mixed Platforms.ActiveCfg = Release
		{C350E548-19BD-48D8-A60C-4B90EE35E9B1}.Release|x86.ActiveCfg = Release
		{133560A7-0C58-44F0-8AE2-58A2D98C16CC}.Debug|Any CPU.ActiveCfg = Debug|x86
		{133560A7-0C58-44F0-8AE2-58A2D98C16CC}.Debug|Mixed Platforms.ActiveCfg = Debug|x86
		{133560A7-0C58-44F0-8AE2-58A2D98C16CC}.Debug|Mixed Platforms.Build.0 = Debug|x86
		{133560A7-0C58-44F0-8AE2-58A2D98C16CC}.Debug|x86.ActiveCfg = Debug|x86
		{133560A7-0C58-44F0-8AE2-58A2D98C16CC}.Debug|x86.Build.0 = Debug|x86
		{133560A7-0C58-44F0-8AE2-58A2D98C16CC}.Release|Any CPU.ActiveCfg = Release|x86
		{133560A7-0C58-44F0-8AE2-58A2D98C16CC}.Release|Mixed Platforms.ActiveCfg = Release|x86
		{133560A7-0C58-44F0-8AE2-58A2D98C16CC}.Release|Mixed Platforms.Build.0 = Release|x86
		{133560A7-0C58-44F0-8AE2-58A2D98C16CC}.Release|x86.ActiveCfg = Release|x86
		{133560A7-0C58-44F0-8AE2-58A2D98C16CC}.Release|x86.Build.0 = Release|x86
		{DB5BB87D-DC0F-4DFB-A2E4-09F394D25F18}.Debug|Any CPU.ActiveCfg = Debug
		{DB5BB87D-DC0F-4DFB-A2E4-09F394D25F18}.Debug|Mixed Platforms.ActiveCfg = Debug
		{DB5BB87D-DC0F-4DFB-A2E4-09F394D25F18}.Debug|x86.ActiveCfg = Debug
		{DB5BB87D-DC0F-4DFB-A2E4-09F394D25F18}.Release|Any CPU.ActiveCfg = Release
		{DB5BB87D-DC0F-4DFB-A2E4-09F394D25F18}.Release|Mixed Platforms.ActiveCfg = Release
		{DB5BB87D-DC0F-4DFB-A2E4-09F394D25F18}.Release|x86.ActiveCfg = Release
		{B7936500-0101-478F-A652-CB5427AA71A5}.Debug|Any CPU.ActiveCfg = Debug|x86
		{B7936500-0101-478F-A652-CB5427AA71A5}.Debug|Mixed Platforms.ActiveCfg = Debug|x86
		{B7936500-0101-478F-A652-CB5427AA71A5}.Debug|Mixed Platforms.Build.0 = Debug|x86
		{B7936500-0101-478F-A652-CB5427AA71A5}.Debug|x86.ActiveCfg = Debug|x86
		{B7936500-0101-478F-A652-CB5427AA71A5}.Debug|x86.Build.0 = Debug|x86
		{B7936500-0101-478F-A652-CB5427AA71A5}.Release|Any CPU.ActiveCfg = Release|x86
		{B7936500-0101-478F-A652-CB5427AA71A5}.Release|Mixed Platforms.ActiveCfg = Release|x86
		{B7936500-0101-478F-A652-CB5427AA71A5}.Release|Mixed Platforms.Build.0 = Release|x86
		{B7936500-0101-478F-A652-CB5427AA71A5}.Release|x86.ActiveCfg = Release|x86
		{B7936500-0101-478F-A652-CB5427AA71A5}.Release|x86.Build.0 = Release|x86
		{192D42C1-527A-4F24-977D-C8AC509D82FE}.Debug|Any CPU.ActiveCfg = Debug
		{192D42C1-527A-4F24-977D-C8AC509D82FE}.Debug|Mixed Platforms.ActiveCfg = Debug
		{192D42C1-527A-4F24-977D-C8AC509D82FE}.Debug|x86.ActiveCfg = Debug
		{192D42C1-527A-4F24-977D-C8AC509D82FE}.Release|Any CPU.ActiveCfg = Release
		{192D42C1-527A-4F24-977D-C8AC509D82FE}.Release|Mixed Platforms.ActiveCfg = Release
		{192D42C1-527A-4F24-977D-C8AC509D82FE}.Release|x86.ActiveCfg = Release
		{C2A8BC36-5E4E-4808-9A7F-DB9D69E3A0CB}.Debug|Any CPU.ActiveCfg = Debug|x86
		{C2A8BC36-5E4E-4808-9A7F-DB9D69E3A0CB}.Debug|Any CPU.Build.0 = Debug|x86
		{C2A8BC36-5E4E-4808-9A7F-DB9D69E3A0CB}.Debug|Mixed Platforms.ActiveCfg = Debug|x86
		{C2A8BC36-5E4E-4808-9A7F-DB9D69E3A0CB}.Debug|Mixed Platforms.Build.0 = Debug|x86
		{C2A8BC36-5E4E-4808-9A7F-DB9D69E3A0CB}.Debug|x86.ActiveCfg = Debug|x86
		{C2A8BC36-5E4E-4808-9A7F-DB9D69E3A0CB}.Debug|x86.Build.0 = Debug|x86
		{C2A8BC36-5E4E-4808-9A7F-DB9D69E3A0CB}.Release|Any CPU.ActiveCfg = Release|x86
		{C2A8BC36-5E4E-4808-9A7F-DB9D69E3A0CB}.Release|Mixed Platforms.ActiveCfg = Release|x86
		{C2A8BC36-5E4E-4808-9A7F-DB9D69E3A0CB}.Release|Mixed Platforms.Build.0 = Release|x86
		{C2A8BC36-5E4E-4808-9A7F-DB9D69E3A0CB}.Release|x86.ActiveCfg = Release|x86
		{C2A8BC36-5E4E-4808-9A7F-DB9D69E3A0CB}.Release|x86.Build.0 = Release|x86
		{CB4A97E5-1C6F-4BF0-AEA4-B8D143CBD503}.Debug|Any CPU.ActiveCfg = Debug|Any CPU
		{CB4A97E5-1C6F-4BF0-AEA4-B8D143CBD503}.Debug|Any CPU.Build.0 = Debug|Any CPU
		{CB4A97E5-1C6F-4BF0-AEA4-B8D143CBD503}.Debug|Mixed Platforms.ActiveCfg = Debug|Any CPU
		{CB4A97E5-1C6F-4BF0-AEA4-B8D143CBD503}.Debug|Mixed Platforms.Build.0 = Debug|Any CPU
		{CB4A97E5-1C6F-4BF0-AEA4-B8D143CBD503}.Debug|x86.ActiveCfg = Debug|Any CPU
		{CB4A97E5-1C6F-4BF0-AEA4-B8D143CBD503}.Release|Any CPU.ActiveCfg = Release|Any CPU
		{CB4A97E5-1C6F-4BF0-AEA4-B8D143CBD503}.Release|Any CPU.Build.0 = Release|Any CPU
		{CB4A97E5-1C6F-4BF0-AEA4-B8D143CBD503}.Release|Mixed Platforms.ActiveCfg = Release|Any CPU
		{CB4A97E5-1C6F-4BF0-AEA4-B8D143CBD503}.Release|Mixed Platforms.Build.0 = Release|Any CPU
		{CB4A97E5-1C6F-4BF0-AEA4-B8D143CBD503}.Release|x86.ActiveCfg = Release|Any CPU
		{091A86C1-C610-47BF-BCED-4C545E3FD4A5}.Debug|Any CPU.ActiveCfg = Debug|x86
		{091A86C1-C610-47BF-BCED-4C545E3FD4A5}.Debug|Mixed Platforms.ActiveCfg = Debug|x86
		{091A86C1-C610-47BF-BCED-4C545E3FD4A5}.Debug|Mixed Platforms.Build.0 = Debug|x86
		{091A86C1-C610-47BF-BCED-4C545E3FD4A5}.Debug|x86.ActiveCfg = Debug|x86
		{091A86C1-C610-47BF-BCED-4C545E3FD4A5}.Debug|x86.Build.0 = Debug|x86
		{091A86C1-C610-47BF-BCED-4C545E3FD4A5}.Release|Any CPU.ActiveCfg = Release|x86
		{091A86C1-C610-47BF-BCED-4C545E3FD4A5}.Release|Mixed Platforms.ActiveCfg = Release|x86
		{091A86C1-C610-47BF-BCED-4C545E3FD4A5}.Release|Mixed Platforms.Build.0 = Release|x86
		{091A86C1-C610-47BF-BCED-4C545E3FD4A5}.Release|x86.ActiveCfg = Release|x86
		{091A86C1-C610-47BF-BCED-4C545E3FD4A5}.Release|x86.Build.0 = Release|x86
		{59FFD8D2-CBD4-4DA0-BA0D-EE82F5B20A40}.Debug|Any CPU.ActiveCfg = Debug
		{59FFD8D2-CBD4-4DA0-BA0D-EE82F5B20A40}.Debug|Mixed Platforms.ActiveCfg = Debug
		{59FFD8D2-CBD4-4DA0-BA0D-EE82F5B20A40}.Debug|x86.ActiveCfg = Debug
		{59FFD8D2-CBD4-4DA0-BA0D-EE82F5B20A40}.Release|Any CPU.ActiveCfg = Release
		{59FFD8D2-CBD4-4DA0-BA0D-EE82F5B20A40}.Release|Mixed Platforms.ActiveCfg = Release
		{59FFD8D2-CBD4-4DA0-BA0D-EE82F5B20A40}.Release|x86.ActiveCfg = Release
		{3E93345A-ABF9-422D-B9E4-CCD8A1F5A7D5}.Debug|Any CPU.ActiveCfg = Debug|Any CPU
		{3E93345A-ABF9-422D-B9E4-CCD8A1F5A7D5}.Debug|Any CPU.Build.0 = Debug|Any CPU
		{3E93345A-ABF9-422D-B9E4-CCD8A1F5A7D5}.Debug|Mixed Platforms.ActiveCfg = Debug|Any CPU
		{3E93345A-ABF9-422D-B9E4-CCD8A1F5A7D5}.Debug|Mixed Platforms.Build.0 = Debug|Any CPU
		{3E93345A-ABF9-422D-B9E4-CCD8A1F5A7D5}.Debug|x86.ActiveCfg = Debug|Any CPU
		{3E93345A-ABF9-422D-B9E4-CCD8A1F5A7D5}.Release|Any CPU.ActiveCfg = Release|Any CPU
		{3E93345A-ABF9-422D-B9E4-CCD8A1F5A7D5}.Release|Any CPU.Build.0 = Release|Any CPU
		{3E93345A-ABF9-422D-B9E4-CCD8A1F5A7D5}.Release|Mixed Platforms.ActiveCfg = Release|Any CPU
		{3E93345A-ABF9-422D-B9E4-CCD8A1F5A7D5}.Release|Mixed Platforms.Build.0 = Release|Any CPU
		{3E93345A-ABF9-422D-B9E4-CCD8A1F5A7D5}.Release|x86.ActiveCfg = Release|Any CPU
		{6C491916-50C9-4E52-A355-596FDE89816B}.Debug|Any CPU.ActiveCfg = Debug|Any CPU
		{6C491916-50C9-4E52-A355-596FDE89816B}.Debug|Any CPU.Build.0 = Debug|Any CPU
		{6C491916-50C9-4E52-A355-596FDE89816B}.Debug|Mixed Platforms.ActiveCfg = Debug|Any CPU
		{6C491916-50C9-4E52-A355-596FDE89816B}.Debug|Mixed Platforms.Build.0 = Debug|Any CPU
		{6C491916-50C9-4E52-A355-596FDE89816B}.Debug|x86.ActiveCfg = Debug|Any CPU
		{6C491916-50C9-4E52-A355-596FDE89816B}.Release|Any CPU.ActiveCfg = Release|Any CPU
		{6C491916-50C9-4E52-A355-596FDE89816B}.Release|Any CPU.Build.0 = Release|Any CPU
		{6C491916-50C9-4E52-A355-596FDE89816B}.Release|Mixed Platforms.ActiveCfg = Release|Any CPU
		{6C491916-50C9-4E52-A355-596FDE89816B}.Release|Mixed Platforms.Build.0 = Release|Any CPU
		{6C491916-50C9-4E52-A355-596FDE89816B}.Release|x86.ActiveCfg = Release|Any CPU
		{2157FB79-C74B-4417-AEED-453FD774257D}.Debug|Any CPU.ActiveCfg = Debug
		{2157FB79-C74B-4417-AEED-453FD774257D}.Debug|Mixed Platforms.ActiveCfg = Debug
		{2157FB79-C74B-4417-AEED-453FD774257D}.Debug|x86.ActiveCfg = Debug
		{2157FB79-C74B-4417-AEED-453FD774257D}.Release|Any CPU.ActiveCfg = Release
		{2157FB79-C74B-4417-AEED-453FD774257D}.Release|Mixed Platforms.ActiveCfg = Release
		{2157FB79-C74B-4417-AEED-453FD774257D}.Release|x86.ActiveCfg = Release
	EndGlobalSection
	GlobalSection(SolutionProperties) = preSolution
		HideSolutionNode = FALSE
	EndGlobalSection
EndGlobal
